
Microsoft Visual Studio Solution File, Format Version 12.00
# Visual Studio Version 17
VisualStudioVersion = 17.13.35919.96
MinimumVisualStudioVersion = 10.0.40219.1
Project("{FAE04EC0-301F-11D3-BF4B-00C04F79EFBC}") = "AccesoDatos", "AccesoDatos\AccesoDatos.csproj", "{5E94F9B6-B986-4774-82EE-77F3E3F4D864}"
EndProject
Project("{FAE04EC0-301F-11D3-BF4B-00C04F79EFBC}") = "WebApi", "WebApi\WebApi.csproj", "{8036D049-E628-4AFD-B63B-12C62EDF6FFE}"
EndProject
Project("{54A90642-561A-4BB1-A94E-469ADEE60C69}") = "cliente-school", "cliente-school\cliente-school.esproj", "{24CF5623-5A13-EAFF-465A-9070EDB817F8}"
EndProject
Global
	GlobalSection(SolutionConfigurationPlatforms) = preSolution
		Debug|Any CPU = Debug|Any CPU
		Release|Any CPU = Release|Any CPU
	EndGlobalSection
	GlobalSection(ProjectConfigurationPlatforms) = postSolution
		{5E94F9B6-B986-4774-82EE-77F3E3F4D864}.Debug|Any CPU.ActiveCfg = Debug|Any CPU
		{5E94F9B6-B986-4774-82EE-77F3E3F4D864}.Debug|Any CPU.Build.0 = Debug|Any CPU
		{5E94F9B6-B986-4774-82EE-77F3E3F4D864}.Release|Any CPU.ActiveCfg = Release|Any CPU
		{5E94F9B6-B986-4774-82EE-77F3E3F4D864}.Release|Any CPU.Build.0 = Release|Any CPU
		{8036D049-E628-4AFD-B63B-12C62EDF6FFE}.Debug|Any CPU.ActiveCfg = Debug|Any CPU
		{8036D049-E628-4AFD-B63B-12C62EDF6FFE}.Debug|Any CPU.Build.0 = Debug|Any CPU
		{8036D049-E628-4AFD-B63B-12C62EDF6FFE}.Release|Any CPU.ActiveCfg = Release|Any CPU
		{8036D049-E628-4AFD-B63B-12C62EDF6FFE}.Release|Any CPU.Build.0 = Release|Any CPU
		{24CF5623-5A13-EAFF-465A-9070EDB817F8}.Debug|Any CPU.ActiveCfg = Debug|Any CPU
		{24CF5623-5A13-EAFF-465A-9070EDB817F8}.Debug|Any CPU.Build.0 = Debug|Any CPU
		{24CF5623-5A13-EAFF-465A-9070EDB817F8}.Debug|Any CPU.Deploy.0 = Debug|Any CPU
		{24CF5623-5A13-EAFF-465A-9070EDB817F8}.Release|Any CPU.ActiveCfg = Release|Any CPU
		{24CF5623-5A13-EAFF-465A-9070EDB817F8}.Release|Any CPU.Build.0 = Release|Any CPU
		{24CF5623-5A13-EAFF-465A-9070EDB817F8}.Release|Any CPU.Deploy.0 = Release|Any CPU
	EndGlobalSection
	GlobalSection(SolutionProperties) = preSolution
		HideSolutionNode = FALSE
	EndGlobalSection
	GlobalSection(ExtensibilityGlobals) = postSolution
		SolutionGuid = {9C6D6682-9C3B-41B7-998C-FCC5C9BF2967}
	EndGlobalSection
EndGlobal
